// !$*UTF8*$!
{
	archiveVersion = 1;
	classes = {
	};
	objectVersion = 46;
	objects = {

/* Begin PBXBuildFile section */
		4A0AD1BC1C14118700F6737B /* main.m in Sources */ = {isa = PBXBuildFile; fileRef = 4A0AD1BB1C14118700F6737B /* main.m */; };
		4A0AD1BF1C14118700F6737B /* AppDelegate.m in Sources */ = {isa = PBXBuildFile; fileRef = 4A0AD1BE1C14118700F6737B /* AppDelegate.m */; };
		4A0AD1C21C14118800F6737B /* ViewController.m in Sources */ = {isa = PBXBuildFile; fileRef = 4A0AD1C11C14118800F6737B /* ViewController.m */; };
		4A0AD1C51C14118800F6737B /* Main.storyboard in Resources */ = {isa = PBXBuildFile; fileRef = 4A0AD1C31C14118800F6737B /* Main.storyboard */; };
		4A0AD1C71C14118800F6737B /* Assets.xcassets in Resources */ = {isa = PBXBuildFile; fileRef = 4A0AD1C61C14118800F6737B /* Assets.xcassets */; };
		4A0AD1CA1C14118800F6737B /* LaunchScreen.storyboard in Resources */ = {isa = PBXBuildFile; fileRef = 4A0AD1C81C14118800F6737B /* LaunchScreen.storyboard */; };
		4A0AD1D51C14118800F6737B /* OffPeakSellerTests.m in Sources */ = {isa = PBXBuildFile; fileRef = 4A0AD1D41C14118800F6737B /* OffPeakSellerTests.m */; };
		4A1A88461C1878C600011510 /* AALoginDailogView.m in Sources */ = {isa = PBXBuildFile; fileRef = 4A1A88441C1878C600011510 /* AALoginDailogView.m */; };
		4A1A88471C1878C600011510 /* AALoginDailogView.xib in Resources */ = {isa = PBXBuildFile; fileRef = 4A1A88451C1878C600011510 /* AALoginDailogView.xib */; };
		4A1A884A1C18797F00011510 /* AALoginHelper.m in Sources */ = {isa = PBXBuildFile; fileRef = 4A1A88491C18797F00011510 /* AALoginHelper.m */; };
		4A1A884D1C1879E900011510 /* AAThemeGlossyButton.m in Sources */ = {isa = PBXBuildFile; fileRef = 4A1A884C1C1879E900011510 /* AAThemeGlossyButton.m */; };
		4A1A88501C187A3100011510 /* AAColor.m in Sources */ = {isa = PBXBuildFile; fileRef = 4A1A884F1C187A3100011510 /* AAColor.m */; };
		4A1A88531C187A8B00011510 /* AAGlossyButton.m in Sources */ = {isa = PBXBuildFile; fileRef = 4A1A88521C187A8B00011510 /* AAGlossyButton.m */; };
		4A1A88561C187B0300011510 /* AAUtils.m in Sources */ = {isa = PBXBuildFile; fileRef = 4A1A88551C187B0300011510 /* AAUtils.m */; };
		4A1A88591C187B8100011510 /* AAThemeValidationTextField.m in Sources */ = {isa = PBXBuildFile; fileRef = 4A1A88581C187B8100011510 /* AAThemeValidationTextField.m */; };
		4A1A885D1C187BC100011510 /* AAValidationTextField.m in Sources */ = {isa = PBXBuildFile; fileRef = 4A1A885B1C187BC100011510 /* AAValidationTextField.m */; };
		4A1A88611C187C3400011510 /* AAValidationConstants.m in Sources */ = {isa = PBXBuildFile; fileRef = 4A1A88601C187C3400011510 /* AAValidationConstants.m */; };
		4A1A88641C18861200011510 /* DACircularProgressView.m in Sources */ = {isa = PBXBuildFile; fileRef = 4A1A88631C18861200011510 /* DACircularProgressView.m */; };
		4A1A88691C18933300011510 /* AARetailer.m in Sources */ = {isa = PBXBuildFile; fileRef = 4A1A88681C18933300011510 /* AARetailer.m */; };
		4A1A886C1C18933F00011510 /* AARetailerInfoHelper.m in Sources */ = {isa = PBXBuildFile; fileRef = 4A1A886B1C18933F00011510 /* AARetailerInfoHelper.m */; };
		4A1A886F1C18962900011510 /* AANetworkHandler.m in Sources */ = {isa = PBXBuildFile; fileRef = 4A1A886E1C18962900011510 /* AANetworkHandler.m */; };
		4A1A88721C189E3200011510 /* ImageDownloader.m in Sources */ = {isa = PBXBuildFile; fileRef = 4A1A88711C189E3200011510 /* ImageDownloader.m */; };
		4A1A88751C18A14800011510 /* AACountriesHelper.m in Sources */ = {isa = PBXBuildFile; fileRef = 4A1A88741C18A14800011510 /* AACountriesHelper.m */; };
		4A1A88781C18A1EE00011510 /* AAFilterDropDownScrollView.m in Sources */ = {isa = PBXBuildFile; fileRef = 4A1A88771C18A1EE00011510 /* AAFilterDropDownScrollView.m */; };
		4A1A887C1C18A22700011510 /* AADropDownScrollView.m in Sources */ = {isa = PBXBuildFile; fileRef = 4A1A887A1C18A22700011510 /* AADropDownScrollView.m */; };
		4A1A887F1C18A25700011510 /* AADropDownScrollItemView.m in Sources */ = {isa = PBXBuildFile; fileRef = 4A1A887E1C18A25700011510 /* AADropDownScrollItemView.m */; };
		4A55504F1C15F53500872392 /* AASideMenuCell.m in Sources */ = {isa = PBXBuildFile; fileRef = 4A55504C1C15F53500872392 /* AASideMenuCell.m */; };
		4A5550501C15F53500872392 /* AASideMenuViewController.m in Sources */ = {isa = PBXBuildFile; fileRef = 4A55504E1C15F53500872392 /* AASideMenuViewController.m */; };
		4A5550531C15F56500872392 /* SWRevealViewController.m in Sources */ = {isa = PBXBuildFile; fileRef = 4A5550521C15F56500872392 /* SWRevealViewController.m */; };
		4A5550571C15F5CC00872392 /* AAConfig.m in Sources */ = {isa = PBXBuildFile; fileRef = 4A5550561C15F5CC00872392 /* AAConfig.m */; };
		4A55505A1C15F5D700872392 /* AAMenuItem.m in Sources */ = {isa = PBXBuildFile; fileRef = 4A5550591C15F5D700872392 /* AAMenuItem.m */; };
		4A55505D1C15F70B00872392 /* AAAppGlobals.m in Sources */ = {isa = PBXBuildFile; fileRef = 4A55505C1C15F70B00872392 /* AAAppGlobals.m */; };
		4A5550621C15FB0500872392 /* SellerAccountVC.m in Sources */ = {isa = PBXBuildFile; fileRef = 4A5550611C15FB0500872392 /* SellerAccountVC.m */; };
		4A5550681C15FC2200872392 /* AAHeaderView.m in Sources */ = {isa = PBXBuildFile; fileRef = 4A5550661C15FC2200872392 /* AAHeaderView.m */; };
		4A5550691C15FC2200872392 /* AAHeaderView.xib in Resources */ = {isa = PBXBuildFile; fileRef = 4A5550671C15FC2200872392 /* AAHeaderView.xib */; };
		4A55506C1C15FC6000872392 /* AAThemeLabel.m in Sources */ = {isa = PBXBuildFile; fileRef = 4A55506B1C15FC6000872392 /* AAThemeLabel.m */; };
		8465312F1C1AE13E0023871D /* redeemVoucherVC.m in Sources */ = {isa = PBXBuildFile; fileRef = 8465312E1C1AE13E0023871D /* redeemVoucherVC.m */; };
		846531621C1AFD3E0023871D /* invalidVoucherVC.m in Sources */ = {isa = PBXBuildFile; fileRef = 846531611C1AFD3E0023871D /* invalidVoucherVC.m */; };
		B66903B51C156AFE002C9470 /* MobileCoreServices.framework in Frameworks */ = {isa = PBXBuildFile; fileRef = B66903B41C156AFE002C9470 /* MobileCoreServices.framework */; };
		B66903B71C156B09002C9470 /* SystemConfiguration.framework in Frameworks */ = {isa = PBXBuildFile; fileRef = B66903B61C156B09002C9470 /* SystemConfiguration.framework */; };
		B66903B91C156B17002C9470 /* CoreLocation.framework in Frameworks */ = {isa = PBXBuildFile; fileRef = B66903B81C156B17002C9470 /* CoreLocation.framework */; };
		B66903BB1C156B1D002C9470 /* Security.framework in Frameworks */ = {isa = PBXBuildFile; fileRef = B66903BA1C156B1D002C9470 /* Security.framework */; };
		B67B3C4F1C16B4E10008A088 /* splashScreenVC.m in Sources */ = {isa = PBXBuildFile; fileRef = B67B3C4E1C16B4E10008A088 /* splashScreenVC.m */; };
		B67B3C521C16E5760008A088 /* loginVC.m in Sources */ = {isa = PBXBuildFile; fileRef = B67B3C511C16E5760008A088 /* loginVC.m */; };
		BABCCAC03C145EA62BDECC37 /* libPods.a in Frameworks */ = {isa = PBXBuildFile; fileRef = 37B570EC782319AFA7F1F419 /* libPods.a */; };
/* End PBXBuildFile section */

/* Begin PBXContainerItemProxy section */
		4A0AD1D11C14118800F6737B /* PBXContainerItemProxy */ = {
			isa = PBXContainerItemProxy;
			containerPortal = 4A0AD1AF1C14118700F6737B /* Project object */;
			proxyType = 1;
			remoteGlobalIDString = 4A0AD1B61C14118700F6737B;
			remoteInfo = OffPeakSeller;
		};
/* End PBXContainerItemProxy section */

/* Begin PBXFileReference section */
		37B570EC782319AFA7F1F419 /* libPods.a */ = {isa = PBXFileReference; explicitFileType = archive.ar; includeInIndex = 0; path = libPods.a; sourceTree = BUILT_PRODUCTS_DIR; };
		4A0AD1B71C14118700F6737B /* OffPeakSeller.app */ = {isa = PBXFileReference; explicitFileType = wrapper.application; includeInIndex = 0; path = OffPeakSeller.app; sourceTree = BUILT_PRODUCTS_DIR; };
		4A0AD1BB1C14118700F6737B /* main.m */ = {isa = PBXFileReference; lastKnownFileType = sourcecode.c.objc; path = main.m; sourceTree = "<group>"; };
		4A0AD1BD1C14118700F6737B /* AppDelegate.h */ = {isa = PBXFileReference; lastKnownFileType = sourcecode.c.h; path = AppDelegate.h; sourceTree = "<group>"; };
		4A0AD1BE1C14118700F6737B /* AppDelegate.m */ = {isa = PBXFileReference; lastKnownFileType = sourcecode.c.objc; path = AppDelegate.m; sourceTree = "<group>"; };
		4A0AD1C01C14118700F6737B /* ViewController.h */ = {isa = PBXFileReference; lastKnownFileType = sourcecode.c.h; path = ViewController.h; sourceTree = "<group>"; };
		4A0AD1C11C14118800F6737B /* ViewController.m */ = {isa = PBXFileReference; lastKnownFileType = sourcecode.c.objc; path = ViewController.m; sourceTree = "<group>"; };
		4A0AD1C41C14118800F6737B /* Base */ = {isa = PBXFileReference; lastKnownFileType = file.storyboard; name = Base; path = Base.lproj/Main.storyboard; sourceTree = "<group>"; };
		4A0AD1C61C14118800F6737B /* Assets.xcassets */ = {isa = PBXFileReference; lastKnownFileType = folder.assetcatalog; path = Assets.xcassets; sourceTree = "<group>"; };
		4A0AD1C91C14118800F6737B /* Base */ = {isa = PBXFileReference; lastKnownFileType = file.storyboard; name = Base; path = Base.lproj/LaunchScreen.storyboard; sourceTree = "<group>"; };
		4A0AD1CB1C14118800F6737B /* Info.plist */ = {isa = PBXFileReference; lastKnownFileType = text.plist.xml; path = Info.plist; sourceTree = "<group>"; };
		4A0AD1D01C14118800F6737B /* OffPeakSellerTests.xctest */ = {isa = PBXFileReference; explicitFileType = wrapper.cfbundle; includeInIndex = 0; path = OffPeakSellerTests.xctest; sourceTree = BUILT_PRODUCTS_DIR; };
		4A0AD1D41C14118800F6737B /* OffPeakSellerTests.m */ = {isa = PBXFileReference; lastKnownFileType = sourcecode.c.objc; path = OffPeakSellerTests.m; sourceTree = "<group>"; };
		4A0AD1D61C14118800F6737B /* Info.plist */ = {isa = PBXFileReference; lastKnownFileType = text.plist.xml; path = Info.plist; sourceTree = "<group>"; };
		4A1A88431C1878C600011510 /* AALoginDailogView.h */ = {isa = PBXFileReference; fileEncoding = 4; lastKnownFileType = sourcecode.c.h; name = AALoginDailogView.h; path = Classes/Custom/AALoginDailogView.h; sourceTree = "<group>"; };
		4A1A88441C1878C600011510 /* AALoginDailogView.m */ = {isa = PBXFileReference; fileEncoding = 4; lastKnownFileType = sourcecode.c.objc; name = AALoginDailogView.m; path = Classes/Custom/AALoginDailogView.m; sourceTree = "<group>"; };
		4A1A88451C1878C600011510 /* AALoginDailogView.xib */ = {isa = PBXFileReference; fileEncoding = 4; lastKnownFileType = file.xib; name = AALoginDailogView.xib; path = Classes/Custom/AALoginDailogView.xib; sourceTree = "<group>"; };
		4A1A88481C18797F00011510 /* AALoginHelper.h */ = {isa = PBXFileReference; fileEncoding = 4; lastKnownFileType = sourcecode.c.h; name = AALoginHelper.h; path = Classes/AALoginHelper.h; sourceTree = "<group>"; };
		4A1A88491C18797F00011510 /* AALoginHelper.m */ = {isa = PBXFileReference; fileEncoding = 4; lastKnownFileType = sourcecode.c.objc; name = AALoginHelper.m; path = Classes/AALoginHelper.m; sourceTree = "<group>"; };
		4A1A884B1C1879E900011510 /* AAThemeGlossyButton.h */ = {isa = PBXFileReference; fileEncoding = 4; lastKnownFileType = sourcecode.c.h; name = AAThemeGlossyButton.h; path = Classes/Custom/AAThemeGlossyButton.h; sourceTree = "<group>"; };
		4A1A884C1C1879E900011510 /* AAThemeGlossyButton.m */ = {isa = PBXFileReference; fileEncoding = 4; lastKnownFileType = sourcecode.c.objc; name = AAThemeGlossyButton.m; path = Classes/Custom/AAThemeGlossyButton.m; sourceTree = "<group>"; };
		4A1A884E1C187A3100011510 /* AAColor.h */ = {isa = PBXFileReference; fileEncoding = 4; lastKnownFileType = sourcecode.c.h; name = AAColor.h; path = Classes/Custom/AAColor.h; sourceTree = "<group>"; };
		4A1A884F1C187A3100011510 /* AAColor.m */ = {isa = PBXFileReference; fileEncoding = 4; lastKnownFileType = sourcecode.c.objc; name = AAColor.m; path = Classes/Custom/AAColor.m; sourceTree = "<group>"; };
		4A1A88511C187A8B00011510 /* AAGlossyButton.h */ = {isa = PBXFileReference; fileEncoding = 4; lastKnownFileType = sourcecode.c.h; name = AAGlossyButton.h; path = Classes/Custom/AAGlossyButton.h; sourceTree = "<group>"; };
		4A1A88521C187A8B00011510 /* AAGlossyButton.m */ = {isa = PBXFileReference; fileEncoding = 4; lastKnownFileType = sourcecode.c.objc; name = AAGlossyButton.m; path = Classes/Custom/AAGlossyButton.m; sourceTree = "<group>"; };
		4A1A88541C187B0300011510 /* AAUtils.h */ = {isa = PBXFileReference; fileEncoding = 4; lastKnownFileType = sourcecode.c.h; name = AAUtils.h; path = Classes/Custom/AAUtils.h; sourceTree = "<group>"; };
		4A1A88551C187B0300011510 /* AAUtils.m */ = {isa = PBXFileReference; fileEncoding = 4; lastKnownFileType = sourcecode.c.objc; name = AAUtils.m; path = Classes/Custom/AAUtils.m; sourceTree = "<group>"; };
		4A1A88571C187B8100011510 /* AAThemeValidationTextField.h */ = {isa = PBXFileReference; fileEncoding = 4; lastKnownFileType = sourcecode.c.h; name = AAThemeValidationTextField.h; path = Classes/Custom/AAThemeValidationTextField.h; sourceTree = "<group>"; };
		4A1A88581C187B8100011510 /* AAThemeValidationTextField.m */ = {isa = PBXFileReference; fileEncoding = 4; lastKnownFileType = sourcecode.c.objc; name = AAThemeValidationTextField.m; path = Classes/Custom/AAThemeValidationTextField.m; sourceTree = "<group>"; };
		4A1A885A1C187BC100011510 /* AAValidationTextField.h */ = {isa = PBXFileReference; fileEncoding = 4; lastKnownFileType = sourcecode.c.h; name = AAValidationTextField.h; path = Classes/Custom/AAValidationTextField.h; sourceTree = "<group>"; };
		4A1A885B1C187BC100011510 /* AAValidationTextField.m */ = {isa = PBXFileReference; fileEncoding = 4; lastKnownFileType = sourcecode.c.objc; name = AAValidationTextField.m; path = Classes/Custom/AAValidationTextField.m; sourceTree = "<group>"; };
		4A1A885C1C187BC100011510 /* AAValidationTextFieldDelegate.h */ = {isa = PBXFileReference; fileEncoding = 4; lastKnownFileType = sourcecode.c.h; name = AAValidationTextFieldDelegate.h; path = Classes/Custom/AAValidationTextFieldDelegate.h; sourceTree = "<group>"; };
		4A1A885E1C187C0300011510 /* AAValidationProtocol.h */ = {isa = PBXFileReference; fileEncoding = 4; lastKnownFileType = sourcecode.c.h; name = AAValidationProtocol.h; path = Classes/Custom/AAValidationProtocol.h; sourceTree = "<group>"; };
		4A1A885F1C187C3400011510 /* AAValidationConstants.h */ = {isa = PBXFileReference; fileEncoding = 4; lastKnownFileType = sourcecode.c.h; name = AAValidationConstants.h; path = Classes/Custom/AAValidationConstants.h; sourceTree = "<group>"; };
		4A1A88601C187C3400011510 /* AAValidationConstants.m */ = {isa = PBXFileReference; fileEncoding = 4; lastKnownFileType = sourcecode.c.objc; name = AAValidationConstants.m; path = Classes/Custom/AAValidationConstants.m; sourceTree = "<group>"; };
		4A1A88621C18861200011510 /* DACircularProgressView.h */ = {isa = PBXFileReference; fileEncoding = 4; lastKnownFileType = sourcecode.c.h; name = DACircularProgressView.h; path = Classes/Custom/DACircularProgressView.h; sourceTree = "<group>"; };
		4A1A88631C18861200011510 /* DACircularProgressView.m */ = {isa = PBXFileReference; fileEncoding = 4; lastKnownFileType = sourcecode.c.objc; name = DACircularProgressView.m; path = Classes/Custom/DACircularProgressView.m; sourceTree = "<group>"; };
		4A1A88671C18933300011510 /* AARetailer.h */ = {isa = PBXFileReference; fileEncoding = 4; lastKnownFileType = sourcecode.c.h; name = AARetailer.h; path = Classes/AARetailer.h; sourceTree = "<group>"; };
		4A1A88681C18933300011510 /* AARetailer.m */ = {isa = PBXFileReference; fileEncoding = 4; lastKnownFileType = sourcecode.c.objc; name = AARetailer.m; path = Classes/AARetailer.m; sourceTree = "<group>"; };
		4A1A886A1C18933F00011510 /* AARetailerInfoHelper.h */ = {isa = PBXFileReference; fileEncoding = 4; lastKnownFileType = sourcecode.c.h; name = AARetailerInfoHelper.h; path = Classes/AARetailerInfoHelper.h; sourceTree = "<group>"; };
		4A1A886B1C18933F00011510 /* AARetailerInfoHelper.m */ = {isa = PBXFileReference; fileEncoding = 4; lastKnownFileType = sourcecode.c.objc; name = AARetailerInfoHelper.m; path = Classes/AARetailerInfoHelper.m; sourceTree = "<group>"; };
		4A1A886D1C18962900011510 /* AANetworkHandler.h */ = {isa = PBXFileReference; fileEncoding = 4; lastKnownFileType = sourcecode.c.h; name = AANetworkHandler.h; path = Classes/AANetworkHandler.h; sourceTree = "<group>"; };
		4A1A886E1C18962900011510 /* AANetworkHandler.m */ = {isa = PBXFileReference; fileEncoding = 4; lastKnownFileType = sourcecode.c.objc; name = AANetworkHandler.m; path = Classes/AANetworkHandler.m; sourceTree = "<group>"; };
		4A1A88701C189E3200011510 /* ImageDownloader.h */ = {isa = PBXFileReference; fileEncoding = 4; lastKnownFileType = sourcecode.c.h; name = ImageDownloader.h; path = Classes/ImageDownloader.h; sourceTree = "<group>"; };
		4A1A88711C189E3200011510 /* ImageDownloader.m */ = {isa = PBXFileReference; fileEncoding = 4; lastKnownFileType = sourcecode.c.objc; name = ImageDownloader.m; path = Classes/ImageDownloader.m; sourceTree = "<group>"; };
		4A1A88731C18A14800011510 /* AACountriesHelper.h */ = {isa = PBXFileReference; fileEncoding = 4; lastKnownFileType = sourcecode.c.h; name = AACountriesHelper.h; path = Classes/AACountriesHelper.h; sourceTree = "<group>"; };
		4A1A88741C18A14800011510 /* AACountriesHelper.m */ = {isa = PBXFileReference; fileEncoding = 4; lastKnownFileType = sourcecode.c.objc; name = AACountriesHelper.m; path = Classes/AACountriesHelper.m; sourceTree = "<group>"; };
		4A1A88761C18A1EE00011510 /* AAFilterDropDownScrollView.h */ = {isa = PBXFileReference; fileEncoding = 4; lastKnownFileType = sourcecode.c.h; name = AAFilterDropDownScrollView.h; path = Classes/Custom/AAFilterDropDownScrollView.h; sourceTree = "<group>"; };
		4A1A88771C18A1EE00011510 /* AAFilterDropDownScrollView.m */ = {isa = PBXFileReference; fileEncoding = 4; lastKnownFileType = sourcecode.c.objc; name = AAFilterDropDownScrollView.m; path = Classes/Custom/AAFilterDropDownScrollView.m; sourceTree = "<group>"; };
		4A1A88791C18A22700011510 /* AADropDownScrollView.h */ = {isa = PBXFileReference; fileEncoding = 4; lastKnownFileType = sourcecode.c.h; name = AADropDownScrollView.h; path = Classes/Custom/AADropDownScrollView.h; sourceTree = "<group>"; };
		4A1A887A1C18A22700011510 /* AADropDownScrollView.m */ = {isa = PBXFileReference; fileEncoding = 4; lastKnownFileType = sourcecode.c.objc; name = AADropDownScrollView.m; path = Classes/Custom/AADropDownScrollView.m; sourceTree = "<group>"; };
		4A1A887B1C18A22700011510 /* AADropDownScrollViewDelegate.h */ = {isa = PBXFileReference; fileEncoding = 4; lastKnownFileType = sourcecode.c.h; name = AADropDownScrollViewDelegate.h; path = Classes/Custom/AADropDownScrollViewDelegate.h; sourceTree = "<group>"; };
		4A1A887D1C18A25700011510 /* AADropDownScrollItemView.h */ = {isa = PBXFileReference; fileEncoding = 4; lastKnownFileType = sourcecode.c.h; name = AADropDownScrollItemView.h; path = Classes/Custom/AADropDownScrollItemView.h; sourceTree = "<group>"; };
		4A1A887E1C18A25700011510 /* AADropDownScrollItemView.m */ = {isa = PBXFileReference; fileEncoding = 4; lastKnownFileType = sourcecode.c.objc; name = AADropDownScrollItemView.m; path = Classes/Custom/AADropDownScrollItemView.m; sourceTree = "<group>"; };
		4A55504B1C15F53500872392 /* AASideMenuCell.h */ = {isa = PBXFileReference; fileEncoding = 4; lastKnownFileType = sourcecode.c.h; name = AASideMenuCell.h; path = Classes/AASideMenuCell.h; sourceTree = "<group>"; };
		4A55504C1C15F53500872392 /* AASideMenuCell.m */ = {isa = PBXFileReference; fileEncoding = 4; lastKnownFileType = sourcecode.c.objc; name = AASideMenuCell.m; path = Classes/AASideMenuCell.m; sourceTree = "<group>"; };
		4A55504D1C15F53500872392 /* AASideMenuViewController.h */ = {isa = PBXFileReference; fileEncoding = 4; lastKnownFileType = sourcecode.c.h; name = AASideMenuViewController.h; path = Classes/AASideMenuViewController.h; sourceTree = "<group>"; };
		4A55504E1C15F53500872392 /* AASideMenuViewController.m */ = {isa = PBXFileReference; fileEncoding = 4; lastKnownFileType = sourcecode.c.objc; name = AASideMenuViewController.m; path = Classes/AASideMenuViewController.m; sourceTree = "<group>"; };
		4A5550511C15F56500872392 /* SWRevealViewController.h */ = {isa = PBXFileReference; fileEncoding = 4; lastKnownFileType = sourcecode.c.h; name = SWRevealViewController.h; path = Classes/SWRevealViewController.h; sourceTree = "<group>"; };
		4A5550521C15F56500872392 /* SWRevealViewController.m */ = {isa = PBXFileReference; fileEncoding = 4; lastKnownFileType = sourcecode.c.objc; name = SWRevealViewController.m; path = Classes/SWRevealViewController.m; sourceTree = "<group>"; };
		4A5550551C15F5CC00872392 /* AAConfig.h */ = {isa = PBXFileReference; fileEncoding = 4; lastKnownFileType = sourcecode.c.h; name = AAConfig.h; path = Classes/AAConfig.h; sourceTree = "<group>"; };
		4A5550561C15F5CC00872392 /* AAConfig.m */ = {isa = PBXFileReference; fileEncoding = 4; lastKnownFileType = sourcecode.c.objc; name = AAConfig.m; path = Classes/AAConfig.m; sourceTree = "<group>"; };
		4A5550581C15F5D700872392 /* AAMenuItem.h */ = {isa = PBXFileReference; fileEncoding = 4; lastKnownFileType = sourcecode.c.h; name = AAMenuItem.h; path = Classes/AAMenuItem.h; sourceTree = "<group>"; };
		4A5550591C15F5D700872392 /* AAMenuItem.m */ = {isa = PBXFileReference; fileEncoding = 4; lastKnownFileType = sourcecode.c.objc; name = AAMenuItem.m; path = Classes/AAMenuItem.m; sourceTree = "<group>"; };
		4A55505B1C15F70B00872392 /* AAAppGlobals.h */ = {isa = PBXFileReference; fileEncoding = 4; lastKnownFileType = sourcecode.c.h; name = AAAppGlobals.h; path = Classes/AAAppGlobals.h; sourceTree = "<group>"; };
		4A55505C1C15F70B00872392 /* AAAppGlobals.m */ = {isa = PBXFileReference; fileEncoding = 4; lastKnownFileType = sourcecode.c.objc; name = AAAppGlobals.m; path = Classes/AAAppGlobals.m; sourceTree = "<group>"; };
		4A5550601C15FB0500872392 /* SellerAccountVC.h */ = {isa = PBXFileReference; fileEncoding = 4; lastKnownFileType = sourcecode.c.h; name = SellerAccountVC.h; path = Classes/SellerAccountVC.h; sourceTree = "<group>"; };
		4A5550611C15FB0500872392 /* SellerAccountVC.m */ = {isa = PBXFileReference; fileEncoding = 4; lastKnownFileType = sourcecode.c.objc; name = SellerAccountVC.m; path = Classes/SellerAccountVC.m; sourceTree = "<group>"; };
		4A5550651C15FC2200872392 /* AAHeaderView.h */ = {isa = PBXFileReference; fileEncoding = 4; lastKnownFileType = sourcecode.c.h; name = AAHeaderView.h; path = Classes/Custom/AAHeaderView.h; sourceTree = "<group>"; };
		4A5550661C15FC2200872392 /* AAHeaderView.m */ = {isa = PBXFileReference; fileEncoding = 4; lastKnownFileType = sourcecode.c.objc; name = AAHeaderView.m; path = Classes/Custom/AAHeaderView.m; sourceTree = "<group>"; };
		4A5550671C15FC2200872392 /* AAHeaderView.xib */ = {isa = PBXFileReference; fileEncoding = 4; lastKnownFileType = file.xib; name = AAHeaderView.xib; path = Classes/Custom/AAHeaderView.xib; sourceTree = "<group>"; };
		4A55506A1C15FC6000872392 /* AAThemeLabel.h */ = {isa = PBXFileReference; fileEncoding = 4; lastKnownFileType = sourcecode.c.h; name = AAThemeLabel.h; path = Classes/Custom/AAThemeLabel.h; sourceTree = "<group>"; };
		4A55506B1C15FC6000872392 /* AAThemeLabel.m */ = {isa = PBXFileReference; fileEncoding = 4; lastKnownFileType = sourcecode.c.objc; name = AAThemeLabel.m; path = Classes/Custom/AAThemeLabel.m; sourceTree = "<group>"; };
		8465312D1C1AE13E0023871D /* redeemVoucherVC.h */ = {isa = PBXFileReference; fileEncoding = 4; lastKnownFileType = sourcecode.c.h; path = redeemVoucherVC.h; sourceTree = "<group>"; };
		8465312E1C1AE13E0023871D /* redeemVoucherVC.m */ = {isa = PBXFileReference; fileEncoding = 4; lastKnownFileType = sourcecode.c.objc; path = redeemVoucherVC.m; sourceTree = "<group>"; };
		846531601C1AFD3E0023871D /* invalidVoucherVC.h */ = {isa = PBXFileReference; fileEncoding = 4; lastKnownFileType = sourcecode.c.h; path = invalidVoucherVC.h; sourceTree = "<group>"; };
		846531611C1AFD3E0023871D /* invalidVoucherVC.m */ = {isa = PBXFileReference; fileEncoding = 4; lastKnownFileType = sourcecode.c.objc; path = invalidVoucherVC.m; sourceTree = "<group>"; };
		A6C84C38CBAE7E550EB9521D /* Pods.release.xcconfig */ = {isa = PBXFileReference; includeInIndex = 1; lastKnownFileType = text.xcconfig; name = Pods.release.xcconfig; path = "Pods/Target Support Files/Pods/Pods.release.xcconfig"; sourceTree = "<group>"; };
		B66903B41C156AFE002C9470 /* MobileCoreServices.framework */ = {isa = PBXFileReference; lastKnownFileType = wrapper.framework; name = MobileCoreServices.framework; path = System/Library/Frameworks/MobileCoreServices.framework; sourceTree = SDKROOT; };
		B66903B61C156B09002C9470 /* SystemConfiguration.framework */ = {isa = PBXFileReference; lastKnownFileType = wrapper.framework; name = SystemConfiguration.framework; path = System/Library/Frameworks/SystemConfiguration.framework; sourceTree = SDKROOT; };
		B66903B81C156B17002C9470 /* CoreLocation.framework */ = {isa = PBXFileReference; lastKnownFileType = wrapper.framework; name = CoreLocation.framework; path = System/Library/Frameworks/CoreLocation.framework; sourceTree = SDKROOT; };
		B66903BA1C156B1D002C9470 /* Security.framework */ = {isa = PBXFileReference; lastKnownFileType = wrapper.framework; name = Security.framework; path = System/Library/Frameworks/Security.framework; sourceTree = SDKROOT; };
		B66903C31C156CF0002C9470 /* OffPeakSeller-Prefix.pch */ = {isa = PBXFileReference; lastKnownFileType = sourcecode.c.h; path = "OffPeakSeller-Prefix.pch"; sourceTree = "<group>"; };
		B67B3C4D1C16B4E10008A088 /* splashScreenVC.h */ = {isa = PBXFileReference; fileEncoding = 4; lastKnownFileType = sourcecode.c.h; path = splashScreenVC.h; sourceTree = "<group>"; };
		B67B3C4E1C16B4E10008A088 /* splashScreenVC.m */ = {isa = PBXFileReference; fileEncoding = 4; lastKnownFileType = sourcecode.c.objc; path = splashScreenVC.m; sourceTree = "<group>"; };
		B67B3C501C16E5760008A088 /* loginVC.h */ = {isa = PBXFileReference; fileEncoding = 4; lastKnownFileType = sourcecode.c.h; path = loginVC.h; sourceTree = "<group>"; };
		B67B3C511C16E5760008A088 /* loginVC.m */ = {isa = PBXFileReference; fileEncoding = 4; lastKnownFileType = sourcecode.c.objc; path = loginVC.m; sourceTree = "<group>"; };
		C1CA657DEDD9EF4D9E2CC11A /* Pods.debug.xcconfig */ = {isa = PBXFileReference; includeInIndex = 1; lastKnownFileType = text.xcconfig; name = Pods.debug.xcconfig; path = "Pods/Target Support Files/Pods/Pods.debug.xcconfig"; sourceTree = "<group>"; };
/* End PBXFileReference section */

/* Begin PBXFrameworksBuildPhase section */
		4A0AD1B41C14118700F6737B /* Frameworks */ = {
			isa = PBXFrameworksBuildPhase;
			buildActionMask = 2147483647;
			files = (
				B66903BB1C156B1D002C9470 /* Security.framework in Frameworks */,
				B66903B91C156B17002C9470 /* CoreLocation.framework in Frameworks */,
				B66903B71C156B09002C9470 /* SystemConfiguration.framework in Frameworks */,
				B66903B51C156AFE002C9470 /* MobileCoreServices.framework in Frameworks */,
				BABCCAC03C145EA62BDECC37 /* libPods.a in Frameworks */,
			);
			runOnlyForDeploymentPostprocessing = 0;
		};
		4A0AD1CD1C14118800F6737B /* Frameworks */ = {
			isa = PBXFrameworksBuildPhase;
			buildActionMask = 2147483647;
			files = (
			);
			runOnlyForDeploymentPostprocessing = 0;
		};
/* End PBXFrameworksBuildPhase section */

/* Begin PBXGroup section */
		0E6E4F45C949F15E0C2C34AD /* Pods */ = {
			isa = PBXGroup;
			children = (
				C1CA657DEDD9EF4D9E2CC11A /* Pods.debug.xcconfig */,
				A6C84C38CBAE7E550EB9521D /* Pods.release.xcconfig */,
			);
			name = Pods;
			sourceTree = "<group>";
		};
		4A0AD1AE1C14118700F6737B = {
			isa = PBXGroup;
			children = (
				B66903BA1C156B1D002C9470 /* Security.framework */,
				B66903B81C156B17002C9470 /* CoreLocation.framework */,
				B66903B61C156B09002C9470 /* SystemConfiguration.framework */,
				B66903B41C156AFE002C9470 /* MobileCoreServices.framework */,
				4A0AD1B91C14118700F6737B /* OffPeakSeller */,
				4A0AD1D31C14118800F6737B /* OffPeakSellerTests */,
				4A0AD1B81C14118700F6737B /* Products */,
				0E6E4F45C949F15E0C2C34AD /* Pods */,
				8F44A470EA37DC1A7D31CF08 /* Frameworks */,
			);
			sourceTree = "<group>";
		};
		4A0AD1B81C14118700F6737B /* Products */ = {
			isa = PBXGroup;
			children = (
				4A0AD1B71C14118700F6737B /* OffPeakSeller.app */,
				4A0AD1D01C14118800F6737B /* OffPeakSellerTests.xctest */,
			);
			name = Products;
			sourceTree = "<group>";
		};
		4A0AD1B91C14118700F6737B /* OffPeakSeller */ = {
			isa = PBXGroup;
			children = (
				4A1A88661C1892F800011510 /* DataHelper */,
				4A1A88651C1892E800011510 /* Model */,
				4A5550631C15FC0A00872392 /* Custom */,
				4A55505E1C15FAC100872392 /* ViewControllers */,
				4A5550541C15F5BE00872392 /* Helper */,
				4A55504A1C15F45800872392 /* SideMenu */,
				4A0AD1BD1C14118700F6737B /* AppDelegate.h */,
				4A0AD1BE1C14118700F6737B /* AppDelegate.m */,
				4A0AD1C01C14118700F6737B /* ViewController.h */,
				4A0AD1C11C14118800F6737B /* ViewController.m */,
				B66903C31C156CF0002C9470 /* OffPeakSeller-Prefix.pch */,
				4A0AD1C31C14118800F6737B /* Main.storyboard */,
				4A0AD1C61C14118800F6737B /* Assets.xcassets */,
				4A0AD1C81C14118800F6737B /* LaunchScreen.storyboard */,
				4A0AD1CB1C14118800F6737B /* Info.plist */,
				4A0AD1BA1C14118700F6737B /* Supporting Files */,
			);
			path = OffPeakSeller;
			sourceTree = "<group>";
		};
		4A0AD1BA1C14118700F6737B /* Supporting Files */ = {
			isa = PBXGroup;
			children = (
				4A0AD1BB1C14118700F6737B /* main.m */,
			);
			name = "Supporting Files";
			sourceTree = "<group>";
		};
		4A0AD1D31C14118800F6737B /* OffPeakSellerTests */ = {
			isa = PBXGroup;
			children = (
				4A0AD1D41C14118800F6737B /* OffPeakSellerTests.m */,
				4A0AD1D61C14118800F6737B /* Info.plist */,
			);
			path = OffPeakSellerTests;
			sourceTree = "<group>";
		};
		4A1A88421C1878B100011510 /* Login */ = {
			isa = PBXGroup;
			children = (
				4A1A88481C18797F00011510 /* AALoginHelper.h */,
				4A1A88491C18797F00011510 /* AALoginHelper.m */,
				4A1A88431C1878C600011510 /* AALoginDailogView.h */,
				4A1A88441C1878C600011510 /* AALoginDailogView.m */,
				4A1A88451C1878C600011510 /* AALoginDailogView.xib */,
			);
			name = Login;
			sourceTree = "<group>";
		};
		4A1A88651C1892E800011510 /* Model */ = {
			isa = PBXGroup;
			children = (
				4A1A88671C18933300011510 /* AARetailer.h */,
				4A1A88681C18933300011510 /* AARetailer.m */,
			);
			name = Model;
			sourceTree = "<group>";
		};
		4A1A88661C1892F800011510 /* DataHelper */ = {
			isa = PBXGroup;
			children = (
				4A1A88731C18A14800011510 /* AACountriesHelper.h */,
				4A1A88741C18A14800011510 /* AACountriesHelper.m */,
				4A1A886A1C18933F00011510 /* AARetailerInfoHelper.h */,
				4A1A886B1C18933F00011510 /* AARetailerInfoHelper.m */,
			);
			name = DataHelper;
			sourceTree = "<group>";
		};
		4A55504A1C15F45800872392 /* SideMenu */ = {
			isa = PBXGroup;
			children = (
				4A5550581C15F5D700872392 /* AAMenuItem.h */,
				4A5550591C15F5D700872392 /* AAMenuItem.m */,
				4A5550511C15F56500872392 /* SWRevealViewController.h */,
				4A5550521C15F56500872392 /* SWRevealViewController.m */,
				4A55504B1C15F53500872392 /* AASideMenuCell.h */,
				4A55504C1C15F53500872392 /* AASideMenuCell.m */,
				4A55504D1C15F53500872392 /* AASideMenuViewController.h */,
				4A55504E1C15F53500872392 /* AASideMenuViewController.m */,
			);
			name = SideMenu;
			sourceTree = "<group>";
		};
		4A5550541C15F5BE00872392 /* Helper */ = {
			isa = PBXGroup;
			children = (
				4A1A88701C189E3200011510 /* ImageDownloader.h */,
				4A1A88711C189E3200011510 /* ImageDownloader.m */,
				4A1A886D1C18962900011510 /* AANetworkHandler.h */,
				4A1A886E1C18962900011510 /* AANetworkHandler.m */,
				4A55505B1C15F70B00872392 /* AAAppGlobals.h */,
				4A55505C1C15F70B00872392 /* AAAppGlobals.m */,
				4A5550551C15F5CC00872392 /* AAConfig.h */,
				4A5550561C15F5CC00872392 /* AAConfig.m */,
			);
			name = Helper;
			sourceTree = "<group>";
		};
		4A55505E1C15FAC100872392 /* ViewControllers */ = {
			isa = PBXGroup;
			children = (
				4A55505F1C15FACF00872392 /* SellerAccount */,
			);
			name = ViewControllers;
			sourceTree = "<group>";
		};
		4A55505F1C15FACF00872392 /* SellerAccount */ = {
			isa = PBXGroup;
			children = (
				4A5550601C15FB0500872392 /* SellerAccountVC.h */,
				4A5550611C15FB0500872392 /* SellerAccountVC.m */,
				B67B3C4D1C16B4E10008A088 /* splashScreenVC.h */,
				B67B3C4E1C16B4E10008A088 /* splashScreenVC.m */,
				B67B3C501C16E5760008A088 /* loginVC.h */,
				B67B3C511C16E5760008A088 /* loginVC.m */,
				8465312D1C1AE13E0023871D /* redeemVoucherVC.h */,
				8465312E1C1AE13E0023871D /* redeemVoucherVC.m */,
				846531601C1AFD3E0023871D /* invalidVoucherVC.h */,
				846531611C1AFD3E0023871D /* invalidVoucherVC.m */,
			);
			name = SellerAccount;
			sourceTree = "<group>";
		};
		4A5550631C15FC0A00872392 /* Custom */ = {
			isa = PBXGroup;
			children = (
				4A1A88421C1878B100011510 /* Login */,
				4A5550641C15FC1300872392 /* Custom Control */,
			);
			name = Custom;
			sourceTree = "<group>";
		};
		4A5550641C15FC1300872392 /* Custom Control */ = {
			isa = PBXGroup;
			children = (
				4A1A887D1C18A25700011510 /* AADropDownScrollItemView.h */,
				4A1A887E1C18A25700011510 /* AADropDownScrollItemView.m */,
				4A1A88791C18A22700011510 /* AADropDownScrollView.h */,
				4A1A887A1C18A22700011510 /* AADropDownScrollView.m */,
				4A1A887B1C18A22700011510 /* AADropDownScrollViewDelegate.h */,
				4A1A88761C18A1EE00011510 /* AAFilterDropDownScrollView.h */,
				4A1A88771C18A1EE00011510 /* AAFilterDropDownScrollView.m */,
				4A1A88621C18861200011510 /* DACircularProgressView.h */,
				4A1A88631C18861200011510 /* DACircularProgressView.m */,
				4A1A885F1C187C3400011510 /* AAValidationConstants.h */,
				4A1A88601C187C3400011510 /* AAValidationConstants.m */,
				4A1A885E1C187C0300011510 /* AAValidationProtocol.h */,
				4A1A885A1C187BC100011510 /* AAValidationTextField.h */,
				4A1A885B1C187BC100011510 /* AAValidationTextField.m */,
				4A1A885C1C187BC100011510 /* AAValidationTextFieldDelegate.h */,
				4A1A88571C187B8100011510 /* AAThemeValidationTextField.h */,
				4A1A88581C187B8100011510 /* AAThemeValidationTextField.m */,
				4A1A88541C187B0300011510 /* AAUtils.h */,
				4A1A88551C187B0300011510 /* AAUtils.m */,
				4A1A88511C187A8B00011510 /* AAGlossyButton.h */,
				4A1A88521C187A8B00011510 /* AAGlossyButton.m */,
				4A1A884E1C187A3100011510 /* AAColor.h */,
				4A1A884F1C187A3100011510 /* AAColor.m */,
				4A1A884B1C1879E900011510 /* AAThemeGlossyButton.h */,
				4A1A884C1C1879E900011510 /* AAThemeGlossyButton.m */,
				4A55506A1C15FC6000872392 /* AAThemeLabel.h */,
				4A55506B1C15FC6000872392 /* AAThemeLabel.m */,
				4A5550651C15FC2200872392 /* AAHeaderView.h */,
				4A5550661C15FC2200872392 /* AAHeaderView.m */,
				4A5550671C15FC2200872392 /* AAHeaderView.xib */,
			);
			name = "Custom Control";
			sourceTree = "<group>";
		};
		8F44A470EA37DC1A7D31CF08 /* Frameworks */ = {
			isa = PBXGroup;
			children = (
				37B570EC782319AFA7F1F419 /* libPods.a */,
			);
			name = Frameworks;
			sourceTree = "<group>";
		};
/* End PBXGroup section */

/* Begin PBXNativeTarget section */
		4A0AD1B61C14118700F6737B /* OffPeakSeller */ = {
			isa = PBXNativeTarget;
			buildConfigurationList = 4A0AD1D91C14118800F6737B /* Build configuration list for PBXNativeTarget "OffPeakSeller" */;
			buildPhases = (
				D6E5F9762E305F8D25EDB8B5 /* Check Pods Manifest.lock */,
				4A0AD1B31C14118700F6737B /* Sources */,
				4A0AD1B41C14118700F6737B /* Frameworks */,
				4A0AD1B51C14118700F6737B /* Resources */,
				FD526ADB51E7D4D36099F529 /* Embed Pods Frameworks */,
				1DA48BEE59D863B51DCCC499 /* Copy Pods Resources */,
			);
			buildRules = (
			);
			dependencies = (
			);
			name = OffPeakSeller;
			productName = OffPeakSeller;
			productReference = 4A0AD1B71C14118700F6737B /* OffPeakSeller.app */;
			productType = "com.apple.product-type.application";
		};
		4A0AD1CF1C14118800F6737B /* OffPeakSellerTests */ = {
			isa = PBXNativeTarget;
			buildConfigurationList = 4A0AD1DC1C14118800F6737B /* Build configuration list for PBXNativeTarget "OffPeakSellerTests" */;
			buildPhases = (
				4A0AD1CC1C14118800F6737B /* Sources */,
				4A0AD1CD1C14118800F6737B /* Frameworks */,
				4A0AD1CE1C14118800F6737B /* Resources */,
			);
			buildRules = (
			);
			dependencies = (
				4A0AD1D21C14118800F6737B /* PBXTargetDependency */,
			);
			name = OffPeakSellerTests;
			productName = OffPeakSellerTests;
			productReference = 4A0AD1D01C14118800F6737B /* OffPeakSellerTests.xctest */;
			productType = "com.apple.product-type.bundle.unit-test";
		};
/* End PBXNativeTarget section */

/* Begin PBXProject section */
		4A0AD1AF1C14118700F6737B /* Project object */ = {
			isa = PBXProject;
			attributes = {
				LastUpgradeCheck = 0700;
				ORGANIZATIONNAME = "Shahid Akhtar Shaikh";
				TargetAttributes = {
					4A0AD1B61C14118700F6737B = {
						CreatedOnToolsVersion = 7.0;
						DevelopmentTeam = XUV6768V5P;
					};
					4A0AD1CF1C14118800F6737B = {
						CreatedOnToolsVersion = 7.0;
						TestTargetID = 4A0AD1B61C14118700F6737B;
					};
				};
			};
			buildConfigurationList = 4A0AD1B21C14118700F6737B /* Build configuration list for PBXProject "OffPeakSeller" */;
			compatibilityVersion = "Xcode 3.2";
			developmentRegion = English;
			hasScannedForEncodings = 0;
			knownRegions = (
				en,
				Base,
			);
			mainGroup = 4A0AD1AE1C14118700F6737B;
			productRefGroup = 4A0AD1B81C14118700F6737B /* Products */;
			projectDirPath = "";
			projectRoot = "";
			targets = (
				4A0AD1B61C14118700F6737B /* OffPeakSeller */,
				4A0AD1CF1C14118800F6737B /* OffPeakSellerTests */,
			);
		};
/* End PBXProject section */

/* Begin PBXResourcesBuildPhase section */
		4A0AD1B51C14118700F6737B /* Resources */ = {
			isa = PBXResourcesBuildPhase;
			buildActionMask = 2147483647;
			files = (
				4A1A88471C1878C600011510 /* AALoginDailogView.xib in Resources */,
				4A0AD1CA1C14118800F6737B /* LaunchScreen.storyboard in Resources */,
				4A0AD1C71C14118800F6737B /* Assets.xcassets in Resources */,
				4A0AD1C51C14118800F6737B /* Main.storyboard in Resources */,
				4A5550691C15FC2200872392 /* AAHeaderView.xib in Resources */,
			);
			runOnlyForDeploymentPostprocessing = 0;
		};
		4A0AD1CE1C14118800F6737B /* Resources */ = {
			isa = PBXResourcesBuildPhase;
			buildActionMask = 2147483647;
			files = (
			);
			runOnlyForDeploymentPostprocessing = 0;
		};
/* End PBXResourcesBuildPhase section */

/* Begin PBXShellScriptBuildPhase section */
		1DA48BEE59D863B51DCCC499 /* Copy Pods Resources */ = {
			isa = PBXShellScriptBuildPhase;
			buildActionMask = 2147483647;
			files = (
			);
			inputPaths = (
			);
			name = "Copy Pods Resources";
			outputPaths = (
			);
			runOnlyForDeploymentPostprocessing = 0;
			shellPath = /bin/sh;
			shellScript = "\"${SRCROOT}/Pods/Target Support Files/Pods/Pods-resources.sh\"\n";
			showEnvVarsInLog = 0;
		};
		D6E5F9762E305F8D25EDB8B5 /* Check Pods Manifest.lock */ = {
			isa = PBXShellScriptBuildPhase;
			buildActionMask = 2147483647;
			files = (
			);
			inputPaths = (
			);
			name = "Check Pods Manifest.lock";
			outputPaths = (
			);
			runOnlyForDeploymentPostprocessing = 0;
			shellPath = /bin/sh;
			shellScript = "diff \"${PODS_ROOT}/../Podfile.lock\" \"${PODS_ROOT}/Manifest.lock\" > /dev/null\nif [[ $? != 0 ]] ; then\n    cat << EOM\nerror: The sandbox is not in sync with the Podfile.lock. Run 'pod install' or update your CocoaPods installation.\nEOM\n    exit 1\nfi\n";
			showEnvVarsInLog = 0;
		};
		FD526ADB51E7D4D36099F529 /* Embed Pods Frameworks */ = {
			isa = PBXShellScriptBuildPhase;
			buildActionMask = 2147483647;
			files = (
			);
			inputPaths = (
			);
			name = "Embed Pods Frameworks";
			outputPaths = (
			);
			runOnlyForDeploymentPostprocessing = 0;
			shellPath = /bin/sh;
			shellScript = "\"${SRCROOT}/Pods/Target Support Files/Pods/Pods-frameworks.sh\"\n";
			showEnvVarsInLog = 0;
		};
/* End PBXShellScriptBuildPhase section */

/* Begin PBXSourcesBuildPhase section */
		4A0AD1B31C14118700F6737B /* Sources */ = {
			isa = PBXSourcesBuildPhase;
			buildActionMask = 2147483647;
			files = (
				B67B3C4F1C16B4E10008A088 /* splashScreenVC.m in Sources */,
				4A0AD1C21C14118800F6737B /* ViewController.m in Sources */,
				4A1A88751C18A14800011510 /* AACountriesHelper.m in Sources */,
				B67B3C521C16E5760008A088 /* loginVC.m in Sources */,
				4A1A88561C187B0300011510 /* AAUtils.m in Sources */,
				4A5550621C15FB0500872392 /* SellerAccountVC.m in Sources */,
				4A5550681C15FC2200872392 /* AAHeaderView.m in Sources */,
				4A1A885D1C187BC100011510 /* AAValidationTextField.m in Sources */,
				8465312F1C1AE13E0023871D /* redeemVoucherVC.m in Sources */,
				4A1A88531C187A8B00011510 /* AAGlossyButton.m in Sources */,
				4A1A884A1C18797F00011510 /* AALoginHelper.m in Sources */,
				4A1A88591C187B8100011510 /* AAThemeValidationTextField.m in Sources */,
				4A1A887C1C18A22700011510 /* AADropDownScrollView.m in Sources */,
				4A0AD1BF1C14118700F6737B /* AppDelegate.m in Sources */,
				4A1A88501C187A3100011510 /* AAColor.m in Sources */,
				4A0AD1BC1C14118700F6737B /* main.m in Sources */,
				4A1A886C1C18933F00011510 /* AARetailerInfoHelper.m in Sources */,
				4A1A88641C18861200011510 /* DACircularProgressView.m in Sources */,
				4A1A88461C1878C600011510 /* AALoginDailogView.m in Sources */,
				4A5550571C15F5CC00872392 /* AAConfig.m in Sources */,
				4A1A884D1C1879E900011510 /* AAThemeGlossyButton.m in Sources */,
				4A55506C1C15FC6000872392 /* AAThemeLabel.m in Sources */,
				4A1A88691C18933300011510 /* AARetailer.m in Sources */,
				4A55504F1C15F53500872392 /* AASideMenuCell.m in Sources */,
				4A55505A1C15F5D700872392 /* AAMenuItem.m in Sources */,
				846531621C1AFD3E0023871D /* invalidVoucherVC.m in Sources */,
				4A5550501C15F53500872392 /* AASideMenuViewController.m in Sources */,
				4A1A886F1C18962900011510 /* AANetworkHandler.m in Sources */,
				4A55505D1C15F70B00872392 /* AAAppGlobals.m in Sources */,
				4A5550531C15F56500872392 /* SWRevealViewController.m in Sources */,
				4A1A88721C189E3200011510 /* ImageDownloader.m in Sources */,
				4A1A887F1C18A25700011510 /* AADropDownScrollItemView.m in Sources */,
				4A1A88781C18A1EE00011510 /* AAFilterDropDownScrollView.m in Sources */,
				4A1A88611C187C3400011510 /* AAValidationConstants.m in Sources */,
			);
			runOnlyForDeploymentPostprocessing = 0;
		};
		4A0AD1CC1C14118800F6737B /* Sources */ = {
			isa = PBXSourcesBuildPhase;
			buildActionMask = 2147483647;
			files = (
				4A0AD1D51C14118800F6737B /* OffPeakSellerTests.m in Sources */,
			);
			runOnlyForDeploymentPostprocessing = 0;
		};
/* End PBXSourcesBuildPhase section */

/* Begin PBXTargetDependency section */
		4A0AD1D21C14118800F6737B /* PBXTargetDependency */ = {
			isa = PBXTargetDependency;
			target = 4A0AD1B61C14118700F6737B /* OffPeakSeller */;
			targetProxy = 4A0AD1D11C14118800F6737B /* PBXContainerItemProxy */;
		};
/* End PBXTargetDependency section */

/* Begin PBXVariantGroup section */
		4A0AD1C31C14118800F6737B /* Main.storyboard */ = {
			isa = PBXVariantGroup;
			children = (
				4A0AD1C41C14118800F6737B /* Base */,
			);
			name = Main.storyboard;
			sourceTree = "<group>";
		};
		4A0AD1C81C14118800F6737B /* LaunchScreen.storyboard */ = {
			isa = PBXVariantGroup;
			children = (
				4A0AD1C91C14118800F6737B /* Base */,
			);
			name = LaunchScreen.storyboard;
			sourceTree = "<group>";
		};
/* End PBXVariantGroup section */

/* Begin XCBuildConfiguration section */
		4A0AD1D71C14118800F6737B /* Debug */ = {
			isa = XCBuildConfiguration;
			buildSettings = {
				ALWAYS_SEARCH_USER_PATHS = NO;
				CLANG_CXX_LANGUAGE_STANDARD = "gnu++0x";
				CLANG_CXX_LIBRARY = "libc++";
				CLANG_ENABLE_MODULES = YES;
				CLANG_ENABLE_OBJC_ARC = YES;
				CLANG_WARN_BOOL_CONVERSION = YES;
				CLANG_WARN_CONSTANT_CONVERSION = YES;
				CLANG_WARN_DIRECT_OBJC_ISA_USAGE = YES_ERROR;
				CLANG_WARN_EMPTY_BODY = YES;
				CLANG_WARN_ENUM_CONVERSION = YES;
				CLANG_WARN_INT_CONVERSION = YES;
				CLANG_WARN_OBJC_ROOT_CLASS = YES_ERROR;
				CLANG_WARN_UNREACHABLE_CODE = YES;
				CLANG_WARN__DUPLICATE_METHOD_MATCH = YES;
				"CODE_SIGN_IDENTITY[sdk=iphoneos*]" = "iPhone Developer";
				COPY_PHASE_STRIP = NO;
				DEBUG_INFORMATION_FORMAT = dwarf;
				ENABLE_STRICT_OBJC_MSGSEND = YES;
				ENABLE_TESTABILITY = YES;
				GCC_C_LANGUAGE_STANDARD = gnu99;
				GCC_DYNAMIC_NO_PIC = NO;
				GCC_NO_COMMON_BLOCKS = YES;
				GCC_OPTIMIZATION_LEVEL = 0;
				GCC_PREPROCESSOR_DEFINITIONS = (
					"DEBUG=1",
					"$(inherited)",
				);
				GCC_WARN_64_TO_32_BIT_CONVERSION = YES;
				GCC_WARN_ABOUT_RETURN_TYPE = YES_ERROR;
				GCC_WARN_UNDECLARED_SELECTOR = YES;
				GCC_WARN_UNINITIALIZED_AUTOS = YES_AGGRESSIVE;
				GCC_WARN_UNUSED_FUNCTION = YES;
				GCC_WARN_UNUSED_VARIABLE = YES;
				IPHONEOS_DEPLOYMENT_TARGET = 9.0;
				MTL_ENABLE_DEBUG_INFO = YES;
				ONLY_ACTIVE_ARCH = YES;
				SDKROOT = iphoneos;
			};
			name = Debug;
		};
		4A0AD1D81C14118800F6737B /* Release */ = {
			isa = XCBuildConfiguration;
			buildSettings = {
				ALWAYS_SEARCH_USER_PATHS = NO;
				CLANG_CXX_LANGUAGE_STANDARD = "gnu++0x";
				CLANG_CXX_LIBRARY = "libc++";
				CLANG_ENABLE_MODULES = YES;
				CLANG_ENABLE_OBJC_ARC = YES;
				CLANG_WARN_BOOL_CONVERSION = YES;
				CLANG_WARN_CONSTANT_CONVERSION = YES;
				CLANG_WARN_DIRECT_OBJC_ISA_USAGE = YES_ERROR;
				CLANG_WARN_EMPTY_BODY = YES;
				CLANG_WARN_ENUM_CONVERSION = YES;
				CLANG_WARN_INT_CONVERSION = YES;
				CLANG_WARN_OBJC_ROOT_CLASS = YES_ERROR;
				CLANG_WARN_UNREACHABLE_CODE = YES;
				CLANG_WARN__DUPLICATE_METHOD_MATCH = YES;
				"CODE_SIGN_IDENTITY[sdk=iphoneos*]" = "iPhone Developer";
				COPY_PHASE_STRIP = NO;
				DEBUG_INFORMATION_FORMAT = "dwarf-with-dsym";
				ENABLE_NS_ASSERTIONS = NO;
				ENABLE_STRICT_OBJC_MSGSEND = YES;
				GCC_C_LANGUAGE_STANDARD = gnu99;
				GCC_NO_COMMON_BLOCKS = YES;
				GCC_WARN_64_TO_32_BIT_CONVERSION = YES;
				GCC_WARN_ABOUT_RETURN_TYPE = YES_ERROR;
				GCC_WARN_UNDECLARED_SELECTOR = YES;
				GCC_WARN_UNINITIALIZED_AUTOS = YES_AGGRESSIVE;
				GCC_WARN_UNUSED_FUNCTION = YES;
				GCC_WARN_UNUSED_VARIABLE = YES;
				IPHONEOS_DEPLOYMENT_TARGET = 9.0;
				MTL_ENABLE_DEBUG_INFO = NO;
				SDKROOT = iphoneos;
				VALIDATE_PRODUCT = YES;
			};
			name = Release;
		};
		4A0AD1DA1C14118800F6737B /* Debug */ = {
			isa = XCBuildConfiguration;
			baseConfigurationReference = C1CA657DEDD9EF4D9E2CC11A /* Pods.debug.xcconfig */;
			buildSettings = {
				ASSETCATALOG_COMPILER_APPICON_NAME = AppIcon;
				CODE_SIGN_IDENTITY = "iPhone Developer";
				"CODE_SIGN_IDENTITY[sdk=iphoneos*]" = "iPhone Developer";
				GCC_PREFIX_HEADER = "OffPeakSeller/OffPeakSeller-Prefix.pch";
				INFOPLIST_FILE = OffPeakSeller/Info.plist;
				IPHONEOS_DEPLOYMENT_TARGET = 9.0;
				LD_RUNPATH_SEARCH_PATHS = "$(inherited) @executable_path/Frameworks";
				OTHER_CFLAGS = "";
				OTHER_LDFLAGS = "$(inherited)";
				PRODUCT_BUNDLE_IDENTIFIER = com.offpeaksale.OffPeakSeller;
				PRODUCT_NAME = "$(TARGET_NAME)";
				PROVISIONING_PROFILE = "";
			};
			name = Debug;
		};
		4A0AD1DB1C14118800F6737B /* Release */ = {
			isa = XCBuildConfiguration;
			baseConfigurationReference = A6C84C38CBAE7E550EB9521D /* Pods.release.xcconfig */;
			buildSettings = {
				ASSETCATALOG_COMPILER_APPICON_NAME = AppIcon;
				CODE_SIGN_IDENTITY = "iPhone Developer";
				"CODE_SIGN_IDENTITY[sdk=iphoneos*]" = "iPhone Developer";
				GCC_PREFIX_HEADER = "OffPeakSeller/OffPeakSeller-Prefix.pch";
				INFOPLIST_FILE = OffPeakSeller/Info.plist;
				IPHONEOS_DEPLOYMENT_TARGET = 9.0;
				LD_RUNPATH_SEARCH_PATHS = "$(inherited) @executable_path/Frameworks";
				OTHER_CFLAGS = "";
				OTHER_LDFLAGS = "$(inherited)";
				PRODUCT_BUNDLE_IDENTIFIER = com.offpeaksale.OffPeakSeller;
				PRODUCT_NAME = "$(TARGET_NAME)";
				PROVISIONING_PROFILE = "";
			};
			name = Release;
		};
		4A0AD1DD1C14118800F6737B /* Debug */ = {
			isa = XCBuildConfiguration;
			buildSettings = {
				BUNDLE_LOADER = "$(TEST_HOST)";
				INFOPLIST_FILE = OffPeakSellerTests/Info.plist;
				LD_RUNPATH_SEARCH_PATHS = "$(inherited) @executable_path/Frameworks @loader_path/Frameworks";
				PRODUCT_BUNDLE_IDENTIFIER = com.offpeaksale.OffPeakSellerTests;
				PRODUCT_NAME = "$(TARGET_NAME)";
				TEST_HOST = "$(BUILT_PRODUCTS_DIR)/OffPeakSeller.app/OffPeakSeller";
			};
			name = Debug;
		};
		4A0AD1DE1C14118800F6737B /* Release */ = {
			isa = XCBuildConfiguration;
			buildSettings = {
				BUNDLE_LOADER = "$(TEST_HOST)";
				INFOPLIST_FILE = OffPeakSellerTests/Info.plist;
				LD_RUNPATH_SEARCH_PATHS = "$(inherited) @executable_path/Frameworks @loader_path/Frameworks";
				PRODUCT_BUNDLE_IDENTIFIER = com.offpeaksale.OffPeakSellerTests;
				PRODUCT_NAME = "$(TARGET_NAME)";
				TEST_HOST = "$(BUILT_PRODUCTS_DIR)/OffPeakSeller.app/OffPeakSeller";
			};
			name = Release;
		};
/* End XCBuildConfiguration section */

/* Begin XCConfigurationList section */
		4A0AD1B21C14118700F6737B /* Build configuration list for PBXProject "OffPeakSeller" */ = {
			isa = XCConfigurationList;
			buildConfigurations = (
				4A0AD1D71C14118800F6737B /* Debug */,
				4A0AD1D81C14118800F6737B /* Release */,
			);
			defaultConfigurationIsVisible = 0;
			defaultConfigurationName = Release;
		};
		4A0AD1D91C14118800F6737B /* Build configuration list for PBXNativeTarget "OffPeakSeller" */ = {
			isa = XCConfigurationList;
			buildConfigurations = (
				4A0AD1DA1C14118800F6737B /* Debug */,
				4A0AD1DB1C14118800F6737B /* Release */,
			);
			defaultConfigurationIsVisible = 0;
			defaultConfigurationName = Release;
		};
		4A0AD1DC1C14118800F6737B /* Build configuration list for PBXNativeTarget "OffPeakSellerTests" */ = {
			isa = XCConfigurationList;
			buildConfigurations = (
				4A0AD1DD1C14118800F6737B /* Debug */,
				4A0AD1DE1C14118800F6737B /* Release */,
			);
			defaultConfigurationIsVisible = 0;
			defaultConfigurationName = Release;
		};
/* End XCConfigurationList section */
	};
	rootObject = 4A0AD1AF1C14118700F6737B /* Project object */;
}
